{
  "version": 1,
  "dependencies": {
    "net10.0": {
      "Microsoft.NET.ILLink.Tasks": {
        "type": "Direct",
        "requested": "[10.0.12, )",
        "resolved": "10.0.12",
        "contentHash": "rdn7VmM4sDDZz7tXO7/tPtvR+QByJrhPKT5F2CUcK7ECvXZEf4j0GxdvVpsiX6thBYnYmXOaZBDC2zPzq0S7nw=="
      },
      "modernftp.config": {
        "type": "Project",
        "dependencies": {
          "ModernFTP.Engine": "[0.1.0, )"
        }
      },
      "modernftp.engine": {
        "type": "Project"
      }
    },
    "net10.0/win-x64": {}
  }
}